{
  "name": "diagnosticcenter",
  "version": "1.0.4",
  "lockfileVersion": 1,
  "requires": true,
  "dependencies": {
    "react-native-linear-gradient": {
      "version": "2.5.3",
      "resolved": "https://registry.npmjs.org/react-native-linear-gradient/-/react-native-linear-gradient-2.5.3.tgz",
      "integrity": "sha512-XdusrOXXlkI+yQpUW7YLeiq9cZiBwkvQX4XEkHPVrJ9H47gsKmdgBwObkZBzBQUP0dKK/Sg6aVpETEis4w43bQ=="
    }
  }
}
